// !$*UTF8*$!
{
	archiveVersion = 1;
	classes = {
	};
	objectVersion = 50;
	objects = {

/* Begin PBXBuildFile section */
		C14BCA2E23BFDFB300A4644C /* UIImageViewExtension.swift in Sources */ = {isa = PBXBuildFile; fileRef = C14BCA2D23BFDFB300A4644C /* UIImageViewExtension.swift */; };
		C14BCA3023BFE07F00A4644C /* AmiiboTableViewCell.swift in Sources */ = {isa = PBXBuildFile; fileRef = C14BCA2F23BFE07F00A4644C /* AmiiboTableViewCell.swift */; };
		C14BCA3823C0D22000A4644C /* AmiiboDetailViewController.swift in Sources */ = {isa = PBXBuildFile; fileRef = C14BCA3723C0D22000A4644C /* AmiiboDetailViewController.swift */; };
		C1B93D1B23C0D94500835E36 /* AmiiboCollectionViewController.swift in Sources */ = {isa = PBXBuildFile; fileRef = C1B93D1A23C0D94500835E36 /* AmiiboCollectionViewController.swift */; };
		C1B93D1D23C0DA8F00835E36 /* AmiiboCollectionViewCell.swift in Sources */ = {isa = PBXBuildFile; fileRef = C1B93D1C23C0DA8F00835E36 /* AmiiboCollectionViewCell.swift */; };
		C1C3DB9123BFC49D00BAB11C /* AppDelegate.swift in Sources */ = {isa = PBXBuildFile; fileRef = C1C3DB9023BFC49D00BAB11C /* AppDelegate.swift */; };
		C1C3DB9323BFC49D00BAB11C /* SceneDelegate.swift in Sources */ = {isa = PBXBuildFile; fileRef = C1C3DB9223BFC49D00BAB11C /* SceneDelegate.swift */; };
		C1C3DB9523BFC49D00BAB11C /* AmiiboTableViewController.swift in Sources */ = {isa = PBXBuildFile; fileRef = C1C3DB9423BFC49D00BAB11C /* AmiiboTableViewController.swift */; };
		C1C3DB9823BFC49D00BAB11C /* Main.storyboard in Resources */ = {isa = PBXBuildFile; fileRef = C1C3DB9623BFC49D00BAB11C /* Main.storyboard */; };
		C1C3DB9A23BFC4A200BAB11C /* Assets.xcassets in Resources */ = {isa = PBXBuildFile; fileRef = C1C3DB9923BFC4A200BAB11C /* Assets.xcassets */; };
		C1C3DB9D23BFC4A200BAB11C /* LaunchScreen.storyboard in Resources */ = {isa = PBXBuildFile; fileRef = C1C3DB9B23BFC4A200BAB11C /* LaunchScreen.storyboard */; };
		C1C3DBA823BFC4A200BAB11C /* AmiiboViewerTests.swift in Sources */ = {isa = PBXBuildFile; fileRef = C1C3DBA723BFC4A200BAB11C /* AmiiboViewerTests.swift */; };
		C1C3DBB323BFC4CE00BAB11C /* NetworkHelper.swift in Sources */ = {isa = PBXBuildFile; fileRef = C1C3DBB223BFC4CE00BAB11C /* NetworkHelper.swift */; };
		C1C3DBB523BFC50900BAB11C /* AmiiboAPI.swift in Sources */ = {isa = PBXBuildFile; fileRef = C1C3DBB423BFC50900BAB11C /* AmiiboAPI.swift */; };
		C1C3DBB723BFC65800BAB11C /* AmiiboModel.swift in Sources */ = {isa = PBXBuildFile; fileRef = C1C3DBB623BFC65800BAB11C /* AmiiboModel.swift */; };
/* End PBXBuildFile section */

/* Begin PBXContainerItemProxy section */
		C1C3DBA423BFC4A200BAB11C /* PBXContainerItemProxy */ = {
			isa = PBXContainerItemProxy;
			containerPortal = C1C3DB8523BFC49D00BAB11C /* Project object */;
			proxyType = 1;
			remoteGlobalIDString = C1C3DB8C23BFC49D00BAB11C;
			remoteInfo = AmiiboViewer;
		};
/* End PBXContainerItemProxy section */

/* Begin PBXFileReference section */
		C14BCA2D23BFDFB300A4644C /* UIImageViewExtension.swift */ = {isa = PBXFileReference; lastKnownFileType = sourcecode.swift; path = UIImageViewExtension.swift; sourceTree = "<group>"; };
		C14BCA2F23BFE07F00A4644C /* AmiiboTableViewCell.swift */ = {isa = PBXFileReference; lastKnownFileType = sourcecode.swift; path = AmiiboTableViewCell.swift; sourceTree = "<group>"; };
		C14BCA3723C0D22000A4644C /* AmiiboDetailViewController.swift */ = {isa = PBXFileReference; lastKnownFileType = sourcecode.swift; path = AmiiboDetailViewController.swift; sourceTree = "<group>"; };
		C1B93D1A23C0D94500835E36 /* AmiiboCollectionViewController.swift */ = {isa = PBXFileReference; lastKnownFileType = sourcecode.swift; path = AmiiboCollectionViewController.swift; sourceTree = "<group>"; };
		C1B93D1C23C0DA8F00835E36 /* AmiiboCollectionViewCell.swift */ = {isa = PBXFileReference; lastKnownFileType = sourcecode.swift; path = AmiiboCollectionViewCell.swift; sourceTree = "<group>"; };
		C1C3DB8D23BFC49D00BAB11C /* AmiiboViewer.app */ = {isa = PBXFileReference; explicitFileType = wrapper.application; includeInIndex = 0; path = AmiiboViewer.app; sourceTree = BUILT_PRODUCTS_DIR; };
		C1C3DB9023BFC49D00BAB11C /* AppDelegate.swift */ = {isa = PBXFileReference; lastKnownFileType = sourcecode.swift; path = AppDelegate.swift; sourceTree = "<group>"; };
		C1C3DB9223BFC49D00BAB11C /* SceneDelegate.swift */ = {isa = PBXFileReference; lastKnownFileType = sourcecode.swift; path = SceneDelegate.swift; sourceTree = "<group>"; };
		C1C3DB9423BFC49D00BAB11C /* AmiiboTableViewController.swift */ = {isa = PBXFileReference; lastKnownFileType = sourcecode.swift; path = AmiiboTableViewController.swift; sourceTree = "<group>"; };
		C1C3DB9723BFC49D00BAB11C /* Base */ = {isa = PBXFileReference; lastKnownFileType = file.storyboard; name = Base; path = Base.lproj/Main.storyboard; sourceTree = "<group>"; };
		C1C3DB9923BFC4A200BAB11C /* Assets.xcassets */ = {isa = PBXFileReference; lastKnownFileType = folder.assetcatalog; path = Assets.xcassets; sourceTree = "<group>"; };
		C1C3DB9C23BFC4A200BAB11C /* Base */ = {isa = PBXFileReference; lastKnownFileType = file.storyboard; name = Base; path = Base.lproj/LaunchScreen.storyboard; sourceTree = "<group>"; };
		C1C3DB9E23BFC4A200BAB11C /* Info.plist */ = {isa = PBXFileReference; lastKnownFileType = text.plist.xml; path = Info.plist; sourceTree = "<group>"; };
		C1C3DBA323BFC4A200BAB11C /* AmiiboViewerTests.xctest */ = {isa = PBXFileReference; explicitFileType = wrapper.cfbundle; includeInIndex = 0; path = AmiiboViewerTests.xctest; sourceTree = BUILT_PRODUCTS_DIR; };
		C1C3DBA723BFC4A200BAB11C /* AmiiboViewerTests.swift */ = {isa = PBXFileReference; lastKnownFileType = sourcecode.swift; path = AmiiboViewerTests.swift; sourceTree = "<group>"; };
		C1C3DBA923BFC4A200BAB11C /* Info.plist */ = {isa = PBXFileReference; lastKnownFileType = text.plist.xml; path = Info.plist; sourceTree = "<group>"; };
		C1C3DBB223BFC4CE00BAB11C /* NetworkHelper.swift */ = {isa = PBXFileReference; lastKnownFileType = sourcecode.swift; path = NetworkHelper.swift; sourceTree = "<group>"; };
		C1C3DBB423BFC50900BAB11C /* AmiiboAPI.swift */ = {isa = PBXFileReference; lastKnownFileType = sourcecode.swift; path = AmiiboAPI.swift; sourceTree = "<group>"; };
		C1C3DBB623BFC65800BAB11C /* AmiiboModel.swift */ = {isa = PBXFileReference; lastKnownFileType = sourcecode.swift; path = AmiiboModel.swift; sourceTree = "<group>"; };
/* End PBXFileReference section */

/* Begin PBXFrameworksBuildPhase section */
		C1C3DB8A23BFC49D00BAB11C /* Frameworks */ = {
			isa = PBXFrameworksBuildPhase;
			buildActionMask = 2147483647;
			files = (
			);
			runOnlyForDeploymentPostprocessing = 0;
		};
		C1C3DBA023BFC4A200BAB11C /* Frameworks */ = {
			isa = PBXFrameworksBuildPhase;
			buildActionMask = 2147483647;
			files = (
			);
			runOnlyForDeploymentPostprocessing = 0;
		};
/* End PBXFrameworksBuildPhase section */

/* Begin PBXGroup section */
		C14BCA3123C0D19400A4644C /* Model */ = {
			isa = PBXGroup;
			children = (
				C1C3DBB623BFC65800BAB11C /* AmiiboModel.swift */,
			);
			path = Model;
			sourceTree = "<group>";
		};
		C14BCA3223C0D1A100A4644C /* Networking Tools */ = {
			isa = PBXGroup;
			children = (
				C1C3DBB223BFC4CE00BAB11C /* NetworkHelper.swift */,
				C1C3DBB423BFC50900BAB11C /* AmiiboAPI.swift */,
			);
			path = "Networking Tools";
			sourceTree = "<group>";
		};
		C14BCA3323C0D1B800A4644C /* View Controllers */ = {
			isa = PBXGroup;
			children = (
				C1C3DB9423BFC49D00BAB11C /* AmiiboTableViewController.swift */,
				C1B93D1A23C0D94500835E36 /* AmiiboCollectionViewController.swift */,
				C14BCA3723C0D22000A4644C /* AmiiboDetailViewController.swift */,
			);
			path = "View Controllers";
			sourceTree = "<group>";
		};
		C14BCA3423C0D1C500A4644C /* Extensions */ = {
			isa = PBXGroup;
			children = (
				C14BCA2D23BFDFB300A4644C /* UIImageViewExtension.swift */,
			);
			path = Extensions;
			sourceTree = "<group>";
		};
		C14BCA3623C0D1F000A4644C /* Cell */ = {
			isa = PBXGroup;
			children = (
				C14BCA2F23BFE07F00A4644C /* AmiiboTableViewCell.swift */,
				C1B93D1C23C0DA8F00835E36 /* AmiiboCollectionViewCell.swift */,
			);
			path = Cell;
			sourceTree = "<group>";
		};
		C1C3DB8423BFC49D00BAB11C = {
			isa = PBXGroup;
			children = (
				C1C3DB8F23BFC49D00BAB11C /* AmiiboViewer */,
				C1C3DBA623BFC4A200BAB11C /* AmiiboViewerTests */,
				C1C3DB8E23BFC49D00BAB11C /* Products */,
			);
			sourceTree = "<group>";
		};
		C1C3DB8E23BFC49D00BAB11C /* Products */ = {
			isa = PBXGroup;
			children = (
				C1C3DB8D23BFC49D00BAB11C /* AmiiboViewer.app */,
				C1C3DBA323BFC4A200BAB11C /* AmiiboViewerTests.xctest */,
			);
			name = Products;
			sourceTree = "<group>";
		};
		C1C3DB8F23BFC49D00BAB11C /* AmiiboViewer */ = {
			isa = PBXGroup;
			children = (
				C1C3DB9023BFC49D00BAB11C /* AppDelegate.swift */,
				C1C3DB9223BFC49D00BAB11C /* SceneDelegate.swift */,
				C1C3DB9623BFC49D00BAB11C /* Main.storyboard */,
				C14BCA3623C0D1F000A4644C /* Cell */,
				C14BCA3423C0D1C500A4644C /* Extensions */,
				C14BCA3323C0D1B800A4644C /* View Controllers */,
				C14BCA3223C0D1A100A4644C /* Networking Tools */,
				C14BCA3123C0D19400A4644C /* Model */,
				C1C3DB9923BFC4A200BAB11C /* Assets.xcassets */,
				C1C3DB9B23BFC4A200BAB11C /* LaunchScreen.storyboard */,
				C1C3DB9E23BFC4A200BAB11C /* Info.plist */,
			);
			path = AmiiboViewer;
			sourceTree = "<group>";
		};
		C1C3DBA623BFC4A200BAB11C /* AmiiboViewerTests */ = {
			isa = PBXGroup;
			children = (
				C1C3DBA723BFC4A200BAB11C /* AmiiboViewerTests.swift */,
				C1C3DBA923BFC4A200BAB11C /* Info.plist */,
			);
			path = AmiiboViewerTests;
			sourceTree = "<group>";
		};
/* End PBXGroup section */

/* Begin PBXNativeTarget section */
		C1C3DB8C23BFC49D00BAB11C /* AmiiboViewer */ = {
			isa = PBXNativeTarget;
			buildConfigurationList = C1C3DBAC23BFC4A200BAB11C /* Build configuration list for PBXNativeTarget "AmiiboViewer" */;
			buildPhases = (
				C1C3DB8923BFC49D00BAB11C /* Sources */,
				C1C3DB8A23BFC49D00BAB11C /* Frameworks */,
				C1C3DB8B23BFC49D00BAB11C /* Resources */,
			);
			buildRules = (
			);
			dependencies = (
			);
			name = AmiiboViewer;
			productName = AmiiboViewer;
			productReference = C1C3DB8D23BFC49D00BAB11C /* AmiiboViewer.app */;
			productType = "com.apple.product-type.application";
		};
		C1C3DBA223BFC4A200BAB11C /* AmiiboViewerTests */ = {
			isa = PBXNativeTarget;
			buildConfigurationList = C1C3DBAF23BFC4A200BAB11C /* Build configuration list for PBXNativeTarget "AmiiboViewerTests" */;
			buildPhases = (
				C1C3DB9F23BFC4A200BAB11C /* Sources */,
				C1C3DBA023BFC4A200BAB11C /* Frameworks */,
				C1C3DBA123BFC4A200BAB11C /* Resources */,
			);
			buildRules = (
			);
			dependencies = (
				C1C3DBA523BFC4A200BAB11C /* PBXTargetDependency */,
			);
			name = AmiiboViewerTests;
			productName = AmiiboViewerTests;
			productReference = C1C3DBA323BFC4A200BAB11C /* AmiiboViewerTests.xctest */;
			productType = "com.apple.product-type.bundle.unit-test";
		};
/* End PBXNativeTarget section */

/* Begin PBXProject section */
		C1C3DB8523BFC49D00BAB11C /* Project object */ = {
			isa = PBXProject;
			attributes = {
				LastSwiftUpdateCheck = 1130;
				LastUpgradeCheck = 1130;
				ORGANIZATIONNAME = "Gregory Keeley";
				TargetAttributes = {
					C1C3DB8C23BFC49D00BAB11C = {
						CreatedOnToolsVersion = 11.3;
					};
					C1C3DBA223BFC4A200BAB11C = {
						CreatedOnToolsVersion = 11.3;
						TestTargetID = C1C3DB8C23BFC49D00BAB11C;
					};
				};
			};
			buildConfigurationList = C1C3DB8823BFC49D00BAB11C /* Build configuration list for PBXProject "AmiiboViewer" */;
			compatibilityVersion = "Xcode 9.3";
			developmentRegion = en;
			hasScannedForEncodings = 0;
			knownRegions = (
				en,
				Base,
			);
			mainGroup = C1C3DB8423BFC49D00BAB11C;
			productRefGroup = C1C3DB8E23BFC49D00BAB11C /* Products */;
			projectDirPath = "";
			projectRoot = "";
			targets = (
				C1C3DB8C23BFC49D00BAB11C /* AmiiboViewer */,
				C1C3DBA223BFC4A200BAB11C /* AmiiboViewerTests */,
			);
		};
/* End PBXProject section */

/* Begin PBXResourcesBuildPhase section */
		C1C3DB8B23BFC49D00BAB11C /* Resources */ = {
			isa = PBXResourcesBuildPhase;
			buildActionMask = 2147483647;
			files = (
				C1C3DB9D23BFC4A200BAB11C /* LaunchScreen.storyboard in Resources */,
				C1C3DB9A23BFC4A200BAB11C /* Assets.xcassets in Resources */,
				C1C3DB9823BFC49D00BAB11C /* Main.storyboard in Resources */,
			);
			runOnlyForDeploymentPostprocessing = 0;
		};
		C1C3DBA123BFC4A200BAB11C /* Resources */ = {
			isa = PBXResourcesBuildPhase;
			buildActionMask = 2147483647;
			files = (
			);
			runOnlyForDeploymentPostprocessing = 0;
		};
/* End PBXResourcesBuildPhase section */

/* Begin PBXSourcesBuildPhase section */
		C1C3DB8923BFC49D00BAB11C /* Sources */ = {
			isa = PBXSourcesBuildPhase;
			buildActionMask = 2147483647;
			files = (
				C14BCA3023BFE07F00A4644C /* AmiiboTableViewCell.swift in Sources */,
				C1C3DBB323BFC4CE00BAB11C /* NetworkHelper.swift in Sources */,
				C14BCA3823C0D22000A4644C /* AmiiboDetailViewController.swift in Sources */,
				C14BCA2E23BFDFB300A4644C /* UIImageViewExtension.swift in Sources */,
				C1B93D1D23C0DA8F00835E36 /* AmiiboCollectionViewCell.swift in Sources */,
				C1C3DBB523BFC50900BAB11C /* AmiiboAPI.swift in Sources */,
				C1B93D1B23C0D94500835E36 /* AmiiboCollectionViewController.swift in Sources */,
				C1C3DBB723BFC65800BAB11C /* AmiiboModel.swift in Sources */,
				C1C3DB9523BFC49D00BAB11C /* AmiiboTableViewController.swift in Sources */,
				C1C3DB9123BFC49D00BAB11C /* AppDelegate.swift in Sources */,
				C1C3DB9323BFC49D00BAB11C /* SceneDelegate.swift in Sources */,
			);
			runOnlyForDeploymentPostprocessing = 0;
		};
		C1C3DB9F23BFC4A200BAB11C /* Sources */ = {
			isa = PBXSourcesBuildPhase;
			buildActionMask = 2147483647;
			files = (
				C1C3DBA823BFC4A200BAB11C /* AmiiboViewerTests.swift in Sources */,
			);
			runOnlyForDeploymentPostprocessing = 0;
		};
/* End PBXSourcesBuildPhase section */

/* Begin PBXTargetDependency section */
		C1C3DBA523BFC4A200BAB11C /* PBXTargetDependency */ = {
			isa = PBXTargetDependency;
			target = C1C3DB8C23BFC49D00BAB11C /* AmiiboViewer */;
			targetProxy = C1C3DBA423BFC4A200BAB11C /* PBXContainerItemProxy */;
		};
/* End PBXTargetDependency section */

/* Begin PBXVariantGroup section */
		C1C3DB9623BFC49D00BAB11C /* Main.storyboard */ = {
			isa = PBXVariantGroup;
			children = (
				C1C3DB9723BFC49D00BAB11C /* Base */,
			);
			name = Main.storyboard;
			sourceTree = "<group>";
		};
		C1C3DB9B23BFC4A200BAB11C /* LaunchScreen.storyboard */ = {
			isa = PBXVariantGroup;
			children = (
				C1C3DB9C23BFC4A200BAB11C /* Base */,
			);
			name = LaunchScreen.storyboard;
			sourceTree = "<group>";
		};
/* End PBXVariantGroup section */

/* Begin XCBuildConfiguration section */
		C1C3DBAA23BFC4A200BAB11C /* Debug */ = {
			isa = XCBuildConfiguration;
			buildSettings = {
				ALWAYS_SEARCH_USER_PATHS = NO;
				CLANG_ANALYZER_NONNULL = YES;
				CLANG_ANALYZER_NUMBER_OBJECT_CONVERSION = YES_AGGRESSIVE;
				CLANG_CXX_LANGUAGE_STANDARD = "gnu++14";
				CLANG_CXX_LIBRARY = "libc++";
				CLANG_ENABLE_MODULES = YES;
				CLANG_ENABLE_OBJC_ARC = YES;
				CLANG_ENABLE_OBJC_WEAK = YES;
				CLANG_WARN_BLOCK_CAPTURE_AUTORELEASING = YES;
				CLANG_WARN_BOOL_CONVERSION = YES;
				CLANG_WARN_COMMA = YES;
				CLANG_WARN_CONSTANT_CONVERSION = YES;
				CLANG_WARN_DEPRECATED_OBJC_IMPLEMENTATIONS = YES;
				CLANG_WARN_DIRECT_OBJC_ISA_USAGE = YES_ERROR;
				CLANG_WARN_DOCUMENTATION_COMMENTS = YES;
				CLANG_WARN_EMPTY_BODY = YES;
				CLANG_WARN_ENUM_CONVERSION = YES;
				CLANG_WARN_INFINITE_RECURSION = YES;
				CLANG_WARN_INT_CONVERSION = YES;
				CLANG_WARN_NON_LITERAL_NULL_CONVERSION = YES;
				CLANG_WARN_OBJC_IMPLICIT_RETAIN_SELF = YES;
				CLANG_WARN_OBJC_LITERAL_CONVERSION = YES;
				CLANG_WARN_OBJC_ROOT_CLASS = YES_ERROR;
				CLANG_WARN_RANGE_LOOP_ANALYSIS = YES;
				CLANG_WARN_STRICT_PROTOTYPES = YES;
				CLANG_WARN_SUSPICIOUS_MOVE = YES;
				CLANG_WARN_UNGUARDED_AVAILABILITY = YES_AGGRESSIVE;
				CLANG_WARN_UNREACHABLE_CODE = YES;
				CLANG_WARN__DUPLICATE_METHOD_MATCH = YES;
				COPY_PHASE_STRIP = NO;
				DEBUG_INFORMATION_FORMAT = dwarf;
				ENABLE_STRICT_OBJC_MSGSEND = YES;
				ENABLE_TESTABILITY = YES;
				GCC_C_LANGUAGE_STANDARD = gnu11;
				GCC_DYNAMIC_NO_PIC = NO;
				GCC_NO_COMMON_BLOCKS = YES;
				GCC_OPTIMIZATION_LEVEL = 0;
				GCC_PREPROCESSOR_DEFINITIONS = (
					"DEBUG=1",
					"$(inherited)",
				);
				GCC_WARN_64_TO_32_BIT_CONVERSION = YES;
				GCC_WARN_ABOUT_RETURN_TYPE = YES_ERROR;
				GCC_WARN_UNDECLARED_SELECTOR = YES;
				GCC_WARN_UNINITIALIZED_AUTOS = YES_AGGRESSIVE;
				GCC_WARN_UNUSED_FUNCTION = YES;
				GCC_WARN_UNUSED_VARIABLE = YES;
				IPHONEOS_DEPLOYMENT_TARGET = 13.2;
				MTL_ENABLE_DEBUG_INFO = INCLUDE_SOURCE;
				MTL_FAST_MATH = YES;
				ONLY_ACTIVE_ARCH = YES;
				SDKROOT = iphoneos;
				SWIFT_ACTIVE_COMPILATION_CONDITIONS = DEBUG;
				SWIFT_OPTIMIZATION_LEVEL = "-Onone";
			};
			name = Debug;
		};
		C1C3DBAB23BFC4A200BAB11C /* Release */ = {
			isa = XCBuildConfiguration;
			buildSettings = {
				ALWAYS_SEARCH_USER_PATHS = NO;
				CLANG_ANALYZER_NONNULL = YES;
				CLANG_ANALYZER_NUMBER_OBJECT_CONVERSION = YES_AGGRESSIVE;
				CLANG_CXX_LANGUAGE_STANDARD = "gnu++14";
				CLANG_CXX_LIBRARY = "libc++";
				CLANG_ENABLE_MODULES = YES;
				CLANG_ENABLE_OBJC_ARC = YES;
				CLANG_ENABLE_OBJC_WEAK = YES;
				CLANG_WARN_BLOCK_CAPTURE_AUTORELEASING = YES;
				CLANG_WARN_BOOL_CONVERSION = YES;
				CLANG_WARN_COMMA = YES;
				CLANG_WARN_CONSTANT_CONVERSION = YES;
				CLANG_WARN_DEPRECATED_OBJC_IMPLEMENTATIONS = YES;
				CLANG_WARN_DIRECT_OBJC_ISA_USAGE = YES_ERROR;
				CLANG_WARN_DOCUMENTATION_COMMENTS = YES;
				CLANG_WARN_EMPTY_BODY = YES;
				CLANG_WARN_ENUM_CONVERSION = YES;
				CLANG_WARN_INFINITE_RECURSION = YES;
				CLANG_WARN_INT_CONVERSION = YES;
				CLANG_WARN_NON_LITERAL_NULL_CONVERSION = YES;
				CLANG_WARN_OBJC_IMPLICIT_RETAIN_SELF = YES;
				CLANG_WARN_OBJC_LITERAL_CONVERSION = YES;
				CLANG_WARN_OBJC_ROOT_CLASS = YES_ERROR;
				CLANG_WARN_RANGE_LOOP_ANALYSIS = YES;
				CLANG_WARN_STRICT_PROTOTYPES = YES;
				CLANG_WARN_SUSPICIOUS_MOVE = YES;
				CLANG_WARN_UNGUARDED_AVAILABILITY = YES_AGGRESSIVE;
				CLANG_WARN_UNREACHABLE_CODE = YES;
				CLANG_WARN__DUPLICATE_METHOD_MATCH = YES;
				COPY_PHASE_STRIP = NO;
				DEBUG_INFORMATION_FORMAT = "dwarf-with-dsym";
				ENABLE_NS_ASSERTIONS = NO;
				ENABLE_STRICT_OBJC_MSGSEND = YES;
				GCC_C_LANGUAGE_STANDARD = gnu11;
				GCC_NO_COMMON_BLOCKS = YES;
				GCC_WARN_64_TO_32_BIT_CONVERSION = YES;
				GCC_WARN_ABOUT_RETURN_TYPE = YES_ERROR;
				GCC_WARN_UNDECLARED_SELECTOR = YES;
				GCC_WARN_UNINITIALIZED_AUTOS = YES_AGGRESSIVE;
				GCC_WARN_UNUSED_FUNCTION = YES;
				GCC_WARN_UNUSED_VARIABLE = YES;
				IPHONEOS_DEPLOYMENT_TARGET = 13.2;
				MTL_ENABLE_DEBUG_INFO = NO;
				MTL_FAST_MATH = YES;
				SDKROOT = iphoneos;
				SWIFT_COMPILATION_MODE = wholemodule;
				SWIFT_OPTIMIZATION_LEVEL = "-O";
				VALIDATE_PRODUCT = YES;
			};
			name = Release;
		};
		C1C3DBAD23BFC4A200BAB11C /* Debug */ = {
			isa = XCBuildConfiguration;
			buildSettings = {
				ASSETCATALOG_COMPILER_APPICON_NAME = AppIcon;
				CODE_SIGN_STYLE = Automatic;
				DEVELOPMENT_TEAM = 26RHXP32FH;
				INFOPLIST_FILE = AmiiboViewer/Info.plist;
				LD_RUNPATH_SEARCH_PATHS = (
					"$(inherited)",
					"@executable_path/Frameworks",
				);
				PRODUCT_BUNDLE_IDENTIFIER = org.gregkeeley.AmiiboViewer;
				PRODUCT_NAME = "$(TARGET_NAME)";
				SWIFT_VERSION = 5.0;
				TARGETED_DEVICE_FAMILY = "1,2";
			};
			name = Debug;
		};
		C1C3DBAE23BFC4A200BAB11C /* Release */ = {
			isa = XCBuildConfiguration;
			buildSettings = {
				ASSETCATALOG_COMPILER_APPICON_NAME = AppIcon;
				CODE_SIGN_STYLE = Automatic;
				DEVELOPMENT_TEAM = 26RHXP32FH;
				INFOPLIST_FILE = AmiiboViewer/Info.plist;
				LD_RUNPATH_SEARCH_PATHS = (
					"$(inherited)",
					"@executable_path/Frameworks",
				);
				PRODUCT_BUNDLE_IDENTIFIER = org.gregkeeley.AmiiboViewer;
				PRODUCT_NAME = "$(TARGET_NAME)";
				SWIFT_VERSION = 5.0;
				TARGETED_DEVICE_FAMILY = "1,2";
			};
			name = Release;
		};
		C1C3DBB023BFC4A200BAB11C /* Debug */ = {
			isa = XCBuildConfiguration;
			buildSettings = {
				ALWAYS_EMBED_SWIFT_STANDARD_LIBRARIES = YES;
				BUNDLE_LOADER = "$(TEST_HOST)";
				CODE_SIGN_STYLE = Automatic;
				DEVELOPMENT_TEAM = 26RHXP32FH;
				INFOPLIST_FILE = AmiiboViewerTests/Info.plist;
				IPHONEOS_DEPLOYMENT_TARGET = 13.2;
				LD_RUNPATH_SEARCH_PATHS = (
					"$(inherited)",
					"@executable_path/Frameworks",
					"@loader_path/Frameworks",
				);
				PRODUCT_BUNDLE_IDENTIFIER = org.gregkeeley.AmiiboViewerTests;
				PRODUCT_NAME = "$(TARGET_NAME)";
				SWIFT_VERSION = 5.0;
				TARGETED_DEVICE_FAMILY = "1,2";
				TEST_HOST = "$(BUILT_PRODUCTS_DIR)/AmiiboViewer.app/AmiiboViewer";
			};
			name = Debug;
		};
		C1C3DBB123BFC4A200BAB11C /* Release */ = {
			isa = XCBuildConfiguration;
			buildSettings = {
				ALWAYS_EMBED_SWIFT_STANDARD_LIBRARIES = YES;
				BUNDLE_LOADER = "$(TEST_HOST)";
				CODE_SIGN_STYLE = Automatic;
				DEVELOPMENT_TEAM = 26RHXP32FH;
				INFOPLIST_FILE = AmiiboViewerTests/Info.plist;
				IPHONEOS_DEPLOYMENT_TARGET = 13.2;
				LD_RUNPATH_SEARCH_PATHS = (
					"$(inherited)",
					"@executable_path/Frameworks",
					"@loader_path/Frameworks",
				);
				PRODUCT_BUNDLE_IDENTIFIER = org.gregkeeley.AmiiboViewerTests;
				PRODUCT_NAME = "$(TARGET_NAME)";
				SWIFT_VERSION = 5.0;
				TARGETED_DEVICE_FAMILY = "1,2";
				TEST_HOST = "$(BUILT_PRODUCTS_DIR)/AmiiboViewer.app/AmiiboViewer";
			};
			name = Release;
		};
/* End XCBuildConfiguration section */

/* Begin XCConfigurationList section */
		C1C3DB8823BFC49D00BAB11C /* Build configuration list for PBXProject "AmiiboViewer" */ = {
			isa = XCConfigurationList;
			buildConfigurations = (
				C1C3DBAA23BFC4A200BAB11C /* Debug */,
				C1C3DBAB23BFC4A200BAB11C /* Release */,
			);
			defaultConfigurationIsVisible = 0;
			defaultConfigurationName = Release;
		};
		C1C3DBAC23BFC4A200BAB11C /* Build configuration list for PBXNativeTarget "AmiiboViewer" */ = {
			isa = XCConfigurationList;
			buildConfigurations = (
				C1C3DBAD23BFC4A200BAB11C /* Debug */,
				C1C3DBAE23BFC4A200BAB11C /* Release */,
			);
			defaultConfigurationIsVisible = 0;
			defaultConfigurationName = Release;
		};
		C1C3DBAF23BFC4A200BAB11C /* Build configuration list for PBXNativeTarget "AmiiboViewerTests" */ = {
			isa = XCConfigurationList;
			buildConfigurations = (
				C1C3DBB023BFC4A200BAB11C /* Debug */,
				C1C3DBB123BFC4A200BAB11C /* Release */,
			);
			defaultConfigurationIsVisible = 0;
			defaultConfigurationName = Release;
		};
/* End XCConfigurationList section */
	};
	rootObject = C1C3DB8523BFC49D00BAB11C /* Project object */;
}
